
Microsoft Visual Studio Solution File, Format Version 12.00
# Visual Studio Version 17
VisualStudioVersion = 17.9.34622.214
MinimumVisualStudioVersion = 10.0.40219.1
Project("{2150E333-8FDC-42A3-9474-1A3956D46DE8}") = "src", "src", "{BE91B0DC-0AC6-435E-B067-4B3668BE141A}"
EndProject
Project("{2150E333-8FDC-42A3-9474-1A3956D46DE8}") = "tests", "tests", "{4BCF94DA-4FCF-4958-B5BE-433D679C251C}"
EndProject
Project("{9A19103F-16F7-4668-BE54-9A1E7A4F7556}") = "AuctionProject.API", "src\leilãoProject.API\AuctionProject.API.csproj", "{278235C6-44D0-419B-86DA-D4B4446E96E6}"
EndProject
Project("{FAE04EC0-301F-11D3-BF4B-00C04F79EFBC}") = "UseCases.Test", "tests\UseCases.Test\UseCases.Test.csproj", "{0B92F067-E747-4290-8D54-B20286345EF9}"
EndProject
Global
	GlobalSection(SolutionConfigurationPlatforms) = preSolution
		Debug|Any CPU = Debug|Any CPU
		Release|Any CPU = Release|Any CPU
	EndGlobalSection
	GlobalSection(ProjectConfigurationPlatforms) = postSolution
		{278235C6-44D0-419B-86DA-D4B4446E96E6}.Debug|Any CPU.ActiveCfg = Debug|Any CPU
		{278235C6-44D0-419B-86DA-D4B4446E96E6}.Debug|Any CPU.Build.0 = Debug|Any CPU
		{278235C6-44D0-419B-86DA-D4B4446E96E6}.Release|Any CPU.ActiveCfg = Release|Any CPU
		{278235C6-44D0-419B-86DA-D4B4446E96E6}.Release|Any CPU.Build.0 = Release|Any CPU
		{0B92F067-E747-4290-8D54-B20286345EF9}.Debug|Any CPU.ActiveCfg = Debug|Any CPU
		{0B92F067-E747-4290-8D54-B20286345EF9}.Debug|Any CPU.Build.0 = Debug|Any CPU
		{0B92F067-E747-4290-8D54-B20286345EF9}.Release|Any CPU.ActiveCfg = Release|Any CPU
		{0B92F067-E747-4290-8D54-B20286345EF9}.Release|Any CPU.Build.0 = Release|Any CPU
	EndGlobalSection
	GlobalSection(SolutionProperties) = preSolution
		HideSolutionNode = FALSE
	EndGlobalSection
	GlobalSection(NestedProjects) = preSolution
		{278235C6-44D0-419B-86DA-D4B4446E96E6} = {BE91B0DC-0AC6-435E-B067-4B3668BE141A}
		{0B92F067-E747-4290-8D54-B20286345EF9} = {4BCF94DA-4FCF-4958-B5BE-433D679C251C}
	EndGlobalSection
	GlobalSection(ExtensibilityGlobals) = postSolution
		SolutionGuid = {554A04E9-3223-4D2E-853B-19EA05C40FEF}
	EndGlobalSection
EndGlobal
